{
  "name": "bason-funky",
  "version": "1.0.1",
  "lockfileVersion": 1,
  "requires": true,
  "dependencies": {
    "bason": {
      "version": "1.0.2",
      "resolved": "https://registry.npmjs.org/bason/-/bason-1.0.2.tgz",
      "integrity": "sha512-zvVekeYO0tZu3TA78BUF0hJ3OTsgm76lDmUUe6G/xoE84qiw+mQQ5kqZrNm5tzLGS6bhPbFRwbd4z833NOj8yQ==",
      "dev": true
    }
  }
}
